version: 5
environments:
  default:
    channels:
    - url: https://conda.anaconda.org/conda-forge/
    - url: https://conda.anaconda.org/bioconda/
    - url: https://conda.anaconda.org/nodefaults/
    packages:
      linux-64:
      - conda: https://conda.anaconda.org/conda-forge/linux-64/_libgcc_mutex-0.1-conda_forge.tar.bz2
      - conda: https://conda.anaconda.org/conda-forge/linux-64/_openmp_mutex-4.5-2_gnu.tar.bz2
      - conda: https://conda.anaconda.org/conda-forge/linux-64/alsa-lib-1.2.7.2-h166bdaf_0.tar.bz2
      - conda: https://conda.anaconda.org/conda-forge/linux-64/bzip2-1.0.8-h4bc722e_7.conda
      - conda: https://conda.anaconda.org/conda-forge/linux-64/c-ares-1.33.1-heb4867d_0.conda
      - conda: https://conda.anaconda.org/conda-forge/linux-64/ca-certificates-2024.8.30-hbcca054_0.conda
      - conda: https://conda.anaconda.org/conda-forge/linux-64/cairo-1.16.0-ha61ee94_1014.tar.bz2
      - conda: https://conda.anaconda.org/conda-forge/linux-64/curl-7.88.1-hdc1c0ab_1.conda
      - conda: https://conda.anaconda.org/conda-forge/linux-64/expat-2.6.2-h59595ed_0.conda
      - conda: https://conda.anaconda.org/bioconda/noarch/fastqc-0.12.1-hdfd78af_0.tar.bz2
      - conda: https://conda.anaconda.org/conda-forge/noarch/font-ttf-dejavu-sans-mono-2.37-hab24e00_0.tar.bz2
      - conda: https://conda.anaconda.org/conda-forge/noarch/font-ttf-inconsolata-3.000-h77eed37_0.tar.bz2
      - conda: https://conda.anaconda.org/conda-forge/noarch/font-ttf-source-code-pro-2.038-h77eed37_0.tar.bz2
      - conda: https://conda.anaconda.org/conda-forge/noarch/font-ttf-ubuntu-0.83-h77eed37_2.conda
      - conda: https://conda.anaconda.org/conda-forge/linux-64/fontconfig-2.14.2-h14ed4e7_0.conda
      - conda: https://conda.anaconda.org/conda-forge/noarch/fonts-conda-ecosystem-1-0.tar.bz2
      - conda: https://conda.anaconda.org/conda-forge/noarch/fonts-conda-forge-1-0.tar.bz2
      - conda: https://conda.anaconda.org/conda-forge/linux-64/freetype-2.12.1-h267a509_2.conda
      - conda: https://conda.anaconda.org/conda-forge/linux-64/giflib-5.2.2-hd590300_0.conda
      - conda: https://conda.anaconda.org/conda-forge/linux-64/graphite2-1.3.13-h59595ed_1003.conda
      - conda: https://conda.anaconda.org/conda-forge/linux-64/harfbuzz-5.3.0-h418a68e_0.tar.bz2
      - conda: https://conda.anaconda.org/bioconda/linux-64/htslib-1.9-h244ad75_9.tar.bz2
      - conda: https://conda.anaconda.org/conda-forge/linux-64/icu-70.1-h27087fc_0.tar.bz2
      - conda: https://conda.anaconda.org/conda-forge/linux-64/jpeg-9e-h0b41bf4_3.conda
      - conda: https://conda.anaconda.org/conda-forge/linux-64/keyutils-1.6.1-h166bdaf_0.tar.bz2
      - conda: https://conda.anaconda.org/conda-forge/linux-64/krb5-1.20.1-h81ceb04_0.conda
      - conda: https://conda.anaconda.org/conda-forge/linux-64/lcms2-2.12-hddcbb42_0.tar.bz2
      - conda: https://conda.anaconda.org/conda-forge/linux-64/libcups-2.3.3-h36d4200_3.conda
      - conda: https://conda.anaconda.org/conda-forge/linux-64/libcurl-7.88.1-hdc1c0ab_1.conda
      - conda: https://conda.anaconda.org/conda-forge/linux-64/libdeflate-1.21-h4bc722e_0.conda
      - conda: https://conda.anaconda.org/conda-forge/linux-64/libedit-3.1.20191231-h46ee950_2.tar.bz2
      - conda: https://conda.anaconda.org/conda-forge/linux-64/libev-4.33-hd590300_2.conda
      - conda: https://conda.anaconda.org/conda-forge/linux-64/libexpat-2.6.2-h59595ed_0.conda
      - conda: https://conda.anaconda.org/conda-forge/linux-64/libffi-3.4.2-h7f98852_5.tar.bz2
      - conda: https://conda.anaconda.org/conda-forge/linux-64/libgcc-14.1.0-h77fa898_1.conda
      - conda: https://conda.anaconda.org/conda-forge/linux-64/libgcc-ng-14.1.0-h69a702a_1.conda
      - conda: https://conda.anaconda.org/conda-forge/linux-64/libglib-2.80.2-hf974151_0.conda
      - conda: https://conda.anaconda.org/conda-forge/linux-64/libgomp-14.1.0-h77fa898_1.conda
      - conda: https://conda.anaconda.org/conda-forge/linux-64/libiconv-1.17-hd590300_2.conda
      - conda: https://conda.anaconda.org/conda-forge/linux-64/libnghttp2-1.58.0-h47da74e_1.conda
      - conda: https://conda.anaconda.org/conda-forge/linux-64/libpng-1.6.43-h2797004_0.conda
      - conda: https://conda.anaconda.org/conda-forge/linux-64/libssh2-1.11.0-h0841786_0.conda
      - conda: https://conda.anaconda.org/conda-forge/linux-64/libstdcxx-14.1.0-hc0a3c3a_1.conda
      - conda: https://conda.anaconda.org/conda-forge/linux-64/libstdcxx-ng-14.1.0-h4852527_1.conda
      - conda: https://conda.anaconda.org/conda-forge/linux-64/libtiff-4.2.0-hf544144_3.tar.bz2
      - conda: https://conda.anaconda.org/conda-forge/linux-64/libuuid-2.38.1-h0b41bf4_0.conda
      - conda: https://conda.anaconda.org/conda-forge/linux-64/libwebp-base-1.4.0-hd590300_0.conda
      - conda: https://conda.anaconda.org/conda-forge/linux-64/libxcb-1.13-h7f98852_1004.tar.bz2
      - conda: https://conda.anaconda.org/conda-forge/linux-64/libxcrypt-4.4.36-hd590300_1.conda
      - conda: https://conda.anaconda.org/conda-forge/linux-64/libzlib-1.2.13-h4ab18f5_6.conda
      - conda: https://conda.anaconda.org/conda-forge/linux-64/ncurses-6.1-hf484d3e_1002.tar.bz2
      - conda: https://conda.anaconda.org/conda-forge/linux-64/openjdk-17.0.3-hea3dc9f_3.tar.bz2
      - conda: https://conda.anaconda.org/conda-forge/linux-64/openssl-3.3.1-hb9d3cd8_3.conda
      - conda: https://conda.anaconda.org/conda-forge/linux-64/pcre2-10.43-hcad00b1_0.conda
      - conda: https://conda.anaconda.org/conda-forge/linux-64/perl-5.32.1-7_hd590300_perl5.conda
      - conda: https://conda.anaconda.org/conda-forge/linux-64/pixman-0.43.2-h59595ed_0.conda
      - conda: https://conda.anaconda.org/conda-forge/linux-64/pthread-stubs-0.4-h36c2ea0_1001.tar.bz2
      - conda: https://conda.anaconda.org/bioconda/linux-64/samtools-1.9-h10a08f8_12.tar.bz2
      - conda: https://conda.anaconda.org/bioconda/linux-64/star-2.7.10b-h9ee0642_0.tar.bz2
      - conda: https://conda.anaconda.org/conda-forge/linux-64/xorg-fixesproto-5.0-h7f98852_1002.tar.bz2
      - conda: https://conda.anaconda.org/conda-forge/linux-64/xorg-inputproto-2.3.2-h7f98852_1002.tar.bz2
      - conda: https://conda.anaconda.org/conda-forge/linux-64/xorg-kbproto-1.0.7-h7f98852_1002.tar.bz2
      - conda: https://conda.anaconda.org/conda-forge/linux-64/xorg-libice-1.1.1-hd590300_0.conda
      - conda: https://conda.anaconda.org/conda-forge/linux-64/xorg-libsm-1.2.4-h7391055_0.conda
      - conda: https://conda.anaconda.org/conda-forge/linux-64/xorg-libx11-1.8.4-h0b41bf4_0.conda
      - conda: https://conda.anaconda.org/conda-forge/linux-64/xorg-libxau-1.0.11-hd590300_0.conda
      - conda: https://conda.anaconda.org/conda-forge/linux-64/xorg-libxdmcp-1.1.3-h7f98852_0.tar.bz2
      - conda: https://conda.anaconda.org/conda-forge/linux-64/xorg-libxext-1.3.4-h0b41bf4_2.conda
      - conda: https://conda.anaconda.org/conda-forge/linux-64/xorg-libxfixes-5.0.3-h7f98852_1004.tar.bz2
      - conda: https://conda.anaconda.org/conda-forge/linux-64/xorg-libxi-1.7.10-h7f98852_0.tar.bz2
      - conda: https://conda.anaconda.org/conda-forge/linux-64/xorg-libxrender-0.9.10-h7f98852_1003.tar.bz2
      - conda: https://conda.anaconda.org/conda-forge/linux-64/xorg-libxtst-1.2.3-h7f98852_1002.tar.bz2
      - conda: https://conda.anaconda.org/conda-forge/linux-64/xorg-recordproto-1.14.2-h7f98852_1002.tar.bz2
      - conda: https://conda.anaconda.org/conda-forge/linux-64/xorg-renderproto-0.11.1-h7f98852_1002.tar.bz2
      - conda: https://conda.anaconda.org/conda-forge/linux-64/xorg-xextproto-7.3.0-h0b41bf4_1003.conda
      - conda: https://conda.anaconda.org/conda-forge/linux-64/xorg-xproto-7.0.31-h7f98852_1007.tar.bz2
      - conda: https://conda.anaconda.org/conda-forge/linux-64/xz-5.2.6-h166bdaf_0.tar.bz2
      - conda: https://conda.anaconda.org/conda-forge/linux-64/zlib-1.2.13-h4ab18f5_6.conda
      - conda: https://conda.anaconda.org/conda-forge/linux-64/zstd-1.5.6-ha6fb4c9_0.conda
packages:
- kind: conda
  name: _libgcc_mutex
  version: '0.1'
  build: conda_forge
  subdir: linux-64
  url: https://conda.anaconda.org/conda-forge/linux-64/_libgcc_mutex-0.1-conda_forge.tar.bz2
  sha256: fe51de6107f9edc7aa4f786a70f4a883943bc9d39b3bb7307c04c41410990726
  md5: d7c89558ba9fa0495403155b64376d81
  license: None
  size: 2562
  timestamp: 1578324546067
- kind: conda
  name: _openmp_mutex
  version: '4.5'
  build: 2_gnu
  build_number: 16
  subdir: linux-64
  url: https://conda.anaconda.org/conda-forge/linux-64/_openmp_mutex-4.5-2_gnu.tar.bz2
  sha256: fbe2c5e56a653bebb982eda4876a9178aedfc2b545f25d0ce9c4c0b508253d22
  md5: 73aaf86a425cc6e73fcf236a5a46396d
  depends:
  - _libgcc_mutex 0.1 conda_forge
  - libgomp >=7.5.0
  constrains:
  - openmp_impl 9999
  license: BSD-3-Clause
  license_family: BSD
  size: 23621
  timestamp: 1650670423406
- kind: conda
  name: alsa-lib
  version: 1.2.7.2
  build: h166bdaf_0
  subdir: linux-64
  url: https://conda.anaconda.org/conda-forge/linux-64/alsa-lib-1.2.7.2-h166bdaf_0.tar.bz2
  sha256: b2ea5be6ca4f16d62c7de3df62155b106f2009d9c317db187c47267abc1cb03d
  md5: 4a826cd983be6c8fff07a64b6d2079e7
  depends:
  - libgcc-ng >=12
  license: LGPL-2.1-or-later
  license_family: GPL
  size: 594583
  timestamp: 1659028550441
- kind: conda
  name: bzip2
  version: 1.0.8
  build: h4bc722e_7
  build_number: 7
  subdir: linux-64
  url: https://conda.anaconda.org/conda-forge/linux-64/bzip2-1.0.8-h4bc722e_7.conda
  sha256: 5ced96500d945fb286c9c838e54fa759aa04a7129c59800f0846b4335cee770d
  md5: 62ee74e96c5ebb0af99386de58cf9553
  depends:
  - __glibc >=2.17,<3.0.a0
  - libgcc-ng >=12
  license: bzip2-1.0.6
  license_family: BSD
  size: 252783
  timestamp: 1720974456583
- kind: conda
  name: c-ares
  version: 1.33.1
  build: heb4867d_0
  subdir: linux-64
  url: https://conda.anaconda.org/conda-forge/linux-64/c-ares-1.33.1-heb4867d_0.conda
  sha256: 2cb24f613eaf2850b1a08f28f967b10d8bd44ef623efa0154dc45eb718776be6
  md5: 0d3c60291342c0c025db231353376dfb
  depends:
  - __glibc >=2.28,<3.0.a0
  - libgcc-ng >=13
  license: MIT
  license_family: MIT
  size: 182796
  timestamp: 1724438109690
- kind: conda
  name: ca-certificates
  version: 2024.8.30
  build: hbcca054_0
  subdir: linux-64
  url: https://conda.anaconda.org/conda-forge/linux-64/ca-certificates-2024.8.30-hbcca054_0.conda
  sha256: afee721baa6d988e27fef1832f68d6f32ac8cc99cdf6015732224c2841a09cea
  md5: c27d1c142233b5bc9ca570c6e2e0c244
  license: ISC
  size: 159003
  timestamp: 1725018903918
- kind: conda
  name: cairo
  version: 1.16.0
  build: ha61ee94_1014
  build_number: 1014
  subdir: linux-64
  url: https://conda.anaconda.org/conda-forge/linux-64/cairo-1.16.0-ha61ee94_1014.tar.bz2
  sha256: f062cf56e6e50d3ad4b425ebb3765ca9138c6ebc52e6a42d1377de8bc8d954f6
  md5: d1a88f3ed5b52e1024b80d4bcd26a7a0
  depends:
  - fontconfig >=2.13.96,<3.0a0
  - fonts-conda-ecosystem
  - freetype >=2.12.1,<3.0a0
  - icu >=70.1,<71.0a0
  - libgcc-ng >=12
  - libglib >=2.72.1,<3.0a0
  - libpng >=1.6.38,<1.7.0a0
  - libxcb >=1.13,<1.14.0a0
  - libzlib >=1.2.12,<2.0.0a0
  - pixman >=0.40.0,<1.0a0
  - xorg-libice
  - xorg-libsm
  - xorg-libx11
  - xorg-libxext
  - xorg-libxrender
  - zlib >=1.2.12,<1.3.0a0
  license: LGPL-2.1-only or MPL-1.1
  size: 1576122
  timestamp: 1663568213559
- kind: conda
  name: curl
  version: 7.88.1
  build: hdc1c0ab_1
  build_number: 1
  subdir: linux-64
  url: https://conda.anaconda.org/conda-forge/linux-64/curl-7.88.1-hdc1c0ab_1.conda
  sha256: b52a3b97e4c3d2acca8380d405da49c2fdc2f770fcbb9dd842eb6058f8476def
  md5: 2016c398f234cfa354ea704c6731b5d5
  depends:
  - krb5 >=1.20.1,<1.21.0a0
  - libcurl 7.88.1 hdc1c0ab_1
  - libgcc-ng >=12
  - libssh2 >=1.10.0,<2.0a0
  - libzlib >=1.2.13,<2.0.0a0
  - openssl >=3.1.0,<4.0a0
  - zstd >=1.5.2,<1.6.0a0
  license: curl
  license_family: MIT
  size: 88125
  timestamp: 1679081887857
- kind: conda
  name: expat
  version: 2.6.2
  build: h59595ed_0
  subdir: linux-64
  url: https://conda.anaconda.org/conda-forge/linux-64/expat-2.6.2-h59595ed_0.conda
  sha256: 89916c536ae5b85bb8bf0cfa27d751e274ea0911f04e4a928744735c14ef5155
  md5: 53fb86322bdb89496d7579fe3f02fd61
  depends:
  - libexpat 2.6.2 h59595ed_0
  - libgcc-ng >=12
  license: MIT
  license_family: MIT
  size: 137627
  timestamp: 1710362144873
- kind: conda
  name: fastqc
  version: 0.12.1
  build: hdfd78af_0
  subdir: noarch
  noarch: generic
  url: https://conda.anaconda.org/bioconda/noarch/fastqc-0.12.1-hdfd78af_0.tar.bz2
  sha256: 7cc26225d590540ae95cd24940ff42f2da7479dd4cd22ae9ab9298665d06790c
  md5: c9f6a4b12229f7331f79c9a00dd6e240
  depends:
  - font-ttf-dejavu-sans-mono
  - fontconfig
  - openjdk >=8.0.144
  - perl
  license: GPL >=3
  size: 11664291
  timestamp: 1677946722445
- kind: conda
  name: font-ttf-dejavu-sans-mono
  version: '2.37'
  build: hab24e00_0
  subdir: noarch
  noarch: generic
  url: https://conda.anaconda.org/conda-forge/noarch/font-ttf-dejavu-sans-mono-2.37-hab24e00_0.tar.bz2
  sha256: 58d7f40d2940dd0a8aa28651239adbf5613254df0f75789919c4e6762054403b
  md5: 0c96522c6bdaed4b1566d11387caaf45
  license: BSD-3-Clause
  license_family: BSD
  size: 397370
  timestamp: 1566932522327
- kind: conda
  name: font-ttf-inconsolata
  version: '3.000'
  build: h77eed37_0
  subdir: noarch
  noarch: generic
  url: https://conda.anaconda.org/conda-forge/noarch/font-ttf-inconsolata-3.000-h77eed37_0.tar.bz2
  sha256: c52a29fdac682c20d252facc50f01e7c2e7ceac52aa9817aaf0bb83f7559ec5c
  md5: 34893075a5c9e55cdafac56607368fc6
  license: OFL-1.1
  license_family: Other
  size: 96530
  timestamp: 1620479909603
- kind: conda
  name: font-ttf-source-code-pro
  version: '2.038'
  build: h77eed37_0
  subdir: noarch
  noarch: generic
  url: https://conda.anaconda.org/conda-forge/noarch/font-ttf-source-code-pro-2.038-h77eed37_0.tar.bz2
  sha256: 00925c8c055a2275614b4d983e1df637245e19058d79fc7dd1a93b8d9fb4b139
  md5: 4d59c254e01d9cde7957100457e2d5fb
  license: OFL-1.1
  license_family: Other
  size: 700814
  timestamp: 1620479612257
- kind: conda
  name: font-ttf-ubuntu
  version: '0.83'
  build: h77eed37_2
  build_number: 2
  subdir: noarch
  noarch: generic
  url: https://conda.anaconda.org/conda-forge/noarch/font-ttf-ubuntu-0.83-h77eed37_2.conda
  sha256: c940f6e969143e13a3a9660abb3c7e7e23b8319efb29dbdd5dee0b9939236e13
  md5: cbbe59391138ea5ad3658c76912e147f
  license: LicenseRef-Ubuntu-Font-Licence-Version-1.0
  license_family: Other
  size: 1622566
  timestamp: 1714483134319
- kind: conda
  name: fontconfig
  version: 2.14.2
  build: h14ed4e7_0
  subdir: linux-64
  url: https://conda.anaconda.org/conda-forge/linux-64/fontconfig-2.14.2-h14ed4e7_0.conda
  sha256: 155d534c9037347ea7439a2c6da7c24ffec8e5dd278889b4c57274a1d91e0a83
  md5: 0f69b688f52ff6da70bccb7ff7001d1d
  depends:
  - expat >=2.5.0,<3.0a0
  - freetype >=2.12.1,<3.0a0
  - libgcc-ng >=12
  - libuuid >=2.32.1,<3.0a0
  - libzlib >=1.2.13,<2.0.0a0
  license: MIT
  license_family: MIT
  size: 272010
  timestamp: 1674828850194
- kind: conda
  name: fonts-conda-ecosystem
  version: '1'
  build: '0'
  subdir: noarch
  noarch: generic
  url: https://conda.anaconda.org/conda-forge/noarch/fonts-conda-ecosystem-1-0.tar.bz2
  sha256: a997f2f1921bb9c9d76e6fa2f6b408b7fa549edd349a77639c9fe7a23ea93e61
  md5: fee5683a3f04bd15cbd8318b096a27ab
  depends:
  - fonts-conda-forge
  license: BSD-3-Clause
  license_family: BSD
  size: 3667
  timestamp: 1566974674465
- kind: conda
  name: fonts-conda-forge
  version: '1'
  build: '0'
  subdir: noarch
  noarch: generic
  url: https://conda.anaconda.org/conda-forge/noarch/fonts-conda-forge-1-0.tar.bz2
  sha256: 53f23a3319466053818540bcdf2091f253cbdbab1e0e9ae7b9e509dcaa2a5e38
  md5: f766549260d6815b0c52253f1fb1bb29
  depends:
  - font-ttf-dejavu-sans-mono
  - font-ttf-inconsolata
  - font-ttf-source-code-pro
  - font-ttf-ubuntu
  license: BSD-3-Clause
  license_family: BSD
  size: 4102
  timestamp: 1566932280397
- kind: conda
  name: freetype
  version: 2.12.1
  build: h267a509_2
  build_number: 2
  subdir: linux-64
  url: https://conda.anaconda.org/conda-forge/linux-64/freetype-2.12.1-h267a509_2.conda
  sha256: b2e3c449ec9d907dd4656cb0dc93e140f447175b125a3824b31368b06c666bb6
  md5: 9ae35c3d96db2c94ce0cef86efdfa2cb
  depends:
  - libgcc-ng >=12
  - libpng >=1.6.39,<1.7.0a0
  - libzlib >=1.2.13,<2.0.0a0
  license: GPL-2.0-only OR FTL
  size: 634972
  timestamp: 1694615932610
- kind: conda
  name: giflib
  version: 5.2.2
  build: hd590300_0
  subdir: linux-64
  url: https://conda.anaconda.org/conda-forge/linux-64/giflib-5.2.2-hd590300_0.conda
  sha256: aac402a8298f0c0cc528664249170372ef6b37ac39fdc92b40601a6aed1e32ff
  md5: 3bf7b9fd5a7136126e0234db4b87c8b6
  depends:
  - libgcc-ng >=12
  license: MIT
  license_family: MIT
  size: 77248
  timestamp: 1712692454246
- kind: conda
  name: graphite2
  version: 1.3.13
  build: h59595ed_1003
  build_number: 1003
  subdir: linux-64
  url: https://conda.anaconda.org/conda-forge/linux-64/graphite2-1.3.13-h59595ed_1003.conda
  sha256: 0595b009f20f8f60f13a6398e7cdcbd2acea5f986633adcf85f5a2283c992add
  md5: f87c7b7c2cb45f323ffbce941c78ab7c
  depends:
  - libgcc-ng >=12
  - libstdcxx-ng >=12
  license: LGPL-2.0-or-later
  license_family: LGPL
  size: 96855
  timestamp: 1711634169756
- kind: conda
  name: harfbuzz
  version: 5.3.0
  build: h418a68e_0
  subdir: linux-64
  url: https://conda.anaconda.org/conda-forge/linux-64/harfbuzz-5.3.0-h418a68e_0.tar.bz2
  sha256: 57c6ae03c3e70fe7cd28b9e5f27ee470181aef5426f6796a52bc591cfe473183
  md5: 888056bd4b12e110b10d4d1f29161c5e
  depends:
  - cairo >=1.16.0,<2.0a0
  - freetype >=2.12.1,<3.0a0
  - graphite2
  - icu >=70.1,<71.0a0
  - libgcc-ng >=12
  - libglib >=2.74.0,<3.0a0
  - libstdcxx-ng >=12
  license: MIT
  license_family: MIT
  size: 2291086
  timestamp: 1665411772735
- kind: conda
  name: htslib
  version: '1.9'
  build: h244ad75_9
  build_number: 9
  subdir: linux-64
  url: https://conda.anaconda.org/bioconda/linux-64/htslib-1.9-h244ad75_9.tar.bz2
  sha256: d4386c43322836508e78a375a7c44c1d0f35e65ffeba7d8f048b712c46fa4ecd
  md5: 8007a4b2f354481d744a38e00ac1cf9f
  depends:
  - bzip2 >=1.0.8,<2.0a0
  - curl >=7.64.1,<8.0a0
  - libdeflate >=1.3,<1.22.0a0
  - libgcc-ng >=7.3.0
  - xz >=5.2.4,<5.3.0a0
  - zlib >=1.2.11,<1.3.0a0
  license: MIT
  size: 1528408
  timestamp: 1572256685432
- kind: conda
  name: icu
  version: '70.1'
  build: h27087fc_0
  subdir: linux-64
  url: https://conda.anaconda.org/conda-forge/linux-64/icu-70.1-h27087fc_0.tar.bz2
  sha256: 1d7950f3be4637ab915d886304e57731d39a41ab705ffc95c4681655c459374a
  md5: 87473a15119779e021c314249d4b4aed
  depends:
  - libgcc-ng >=10.3.0
  - libstdcxx-ng >=10.3.0
  license: MIT
  license_family: MIT
  size: 14191488
  timestamp: 1648050221778
- kind: conda
  name: jpeg
  version: 9e
  build: h0b41bf4_3
  build_number: 3
  subdir: linux-64
  url: https://conda.anaconda.org/conda-forge/linux-64/jpeg-9e-h0b41bf4_3.conda
  sha256: 8f73194d09c9ea4a7e2b3562766b8d72125cc147b62c7cf83393e3a3bbfd581b
  md5: c7a069243e1fbe9a556ed2ec030e6407
  depends:
  - libgcc-ng >=12
  constrains:
  - libjpeg-turbo <0.0.0a
  license: IJG
  size: 240359
  timestamp: 1676177310738
- kind: conda
  name: keyutils
  version: 1.6.1
  build: h166bdaf_0
  subdir: linux-64
  url: https://conda.anaconda.org/conda-forge/linux-64/keyutils-1.6.1-h166bdaf_0.tar.bz2
  sha256: 150c05a6e538610ca7c43beb3a40d65c90537497a4f6a5f4d15ec0451b6f5ebb
  md5: 30186d27e2c9fa62b45fb1476b7200e3
  depends:
  - libgcc-ng >=10.3.0
  license: LGPL-2.1-or-later
  size: 117831
  timestamp: 1646151697040
- kind: conda
  name: krb5
  version: 1.20.1
  build: h81ceb04_0
  subdir: linux-64
  url: https://conda.anaconda.org/conda-forge/linux-64/krb5-1.20.1-h81ceb04_0.conda
  sha256: 51a346807ce981e1450eb04c3566415b05eed705bc9e6c98c198ec62367b7c62
  md5: 89a41adce7106749573d883b2f657d78
  depends:
  - keyutils >=1.6.1,<2.0a0
  - libedit >=3.1.20191231,<3.2.0a0
  - libedit >=3.1.20191231,<4.0a0
  - libgcc-ng >=12
  - libstdcxx-ng >=12
  - openssl >=3.0.7,<4.0a0
  license: MIT
  license_family: MIT
  size: 1329877
  timestamp: 1671091750695
- kind: conda
  name: lcms2
  version: '2.12'
  build: hddcbb42_0
  subdir: linux-64
  url: https://conda.anaconda.org/conda-forge/linux-64/lcms2-2.12-hddcbb42_0.tar.bz2
  sha256: 5b3c77a84b1dbfa53932dee830f35a42cfc5541e23ca0626f8058b04dcf518d1
  md5: 797117394a4aa588de6d741b06fad80f
  depends:
  - jpeg >=9d,<10a
  - libgcc-ng >=9.3.0
  - libtiff >=4.2.0,<4.5.0a0
  license: MIT
  license_family: MIT
  size: 453156
  timestamp: 1612644479622
- kind: conda
  name: libcups
  version: 2.3.3
  build: h36d4200_3
  build_number: 3
  subdir: linux-64
  url: https://conda.anaconda.org/conda-forge/linux-64/libcups-2.3.3-h36d4200_3.conda
  sha256: 0ccd610207807f53328f137b2adc99c413f8e1dcd1302f0325412796a94eaaf7
  md5: c9f4416a34bc91e0eb029f912c68f81f
  depends:
  - krb5 >=1.20.1,<1.21.0a0
  - libgcc-ng >=12
  - libstdcxx-ng >=12
  - libzlib >=1.2.13,<2.0.0a0
  license: Apache-2.0
  license_family: Apache
  size: 4519779
  timestamp: 1671148111233
- kind: conda
  name: libcurl
  version: 7.88.1
  build: hdc1c0ab_1
  build_number: 1
  subdir: linux-64
  url: https://conda.anaconda.org/conda-forge/linux-64/libcurl-7.88.1-hdc1c0ab_1.conda
  sha256: 500c08e61871df6dc4fc87913c99cb799f5fa8333db991201be32b657e9dcdb1
  md5: 3d1189864d1c0ed2a5919cb067b5903d
  depends:
  - krb5 >=1.20.1,<1.21.0a0
  - libgcc-ng >=12
  - libnghttp2 >=1.52.0,<2.0a0
  - libssh2 >=1.10.0,<2.0a0
  - libzlib >=1.2.13,<2.0.0a0
  - openssl >=3.1.0,<4.0a0
  - zstd >=1.5.2,<1.6.0a0
  license: curl
  license_family: MIT
  size: 358872
  timestamp: 1679081875705
- kind: conda
  name: libdeflate
  version: '1.21'
  build: h4bc722e_0
  subdir: linux-64
  url: https://conda.anaconda.org/conda-forge/linux-64/libdeflate-1.21-h4bc722e_0.conda
  sha256: 728c24ce835700bfdfdf106bf04233fdb040a61ca4ecfd3f41b46fa90cd4f971
  md5: 36ce76665bf67f5aac36be7a0d21b7f3
  depends:
  - __glibc >=2.17,<3.0.a0
  - libgcc-ng >=12
  license: MIT
  license_family: MIT
  size: 71163
  timestamp: 1722820138782
- kind: conda
  name: libedit
  version: 3.1.20191231
  build: h46ee950_2
  build_number: 2
  subdir: linux-64
  url: https://conda.anaconda.org/conda-forge/linux-64/libedit-3.1.20191231-h46ee950_2.tar.bz2
  sha256: 9bd66e1885881d84f935b2e17f8aa424f6e15226f42fa251c01d61046525bf2a
  md5: 0ab53415cb437d37131f2041d75c1895
  depends:
  - libgcc-ng >=7.5.0
  - ncurses >=6.1,<7.0.0a0
  license: BSD-2-Clause
  license_family: BSD
  size: 123851
  timestamp: 1597605744585
- kind: conda
  name: libev
  version: '4.33'
  build: hd590300_2
  build_number: 2
  subdir: linux-64
  url: https://conda.anaconda.org/conda-forge/linux-64/libev-4.33-hd590300_2.conda
  sha256: 1cd6048169fa0395af74ed5d8f1716e22c19a81a8a36f934c110ca3ad4dd27b4
  md5: 172bf1cd1ff8629f2b1179945ed45055
  depends:
  - libgcc-ng >=12
  license: BSD-2-Clause
  license_family: BSD
  size: 112766
  timestamp: 1702146165126
- kind: conda
  name: libexpat
  version: 2.6.2
  build: h59595ed_0
  subdir: linux-64
  url: https://conda.anaconda.org/conda-forge/linux-64/libexpat-2.6.2-h59595ed_0.conda
  sha256: 331bb7c7c05025343ebd79f86ae612b9e1e74d2687b8f3179faec234f986ce19
  md5: e7ba12deb7020dd080c6c70e7b6f6a3d
  depends:
  - libgcc-ng >=12
  constrains:
  - expat 2.6.2.*
  license: MIT
  license_family: MIT
  size: 73730
  timestamp: 1710362120304
- kind: conda
  name: libffi
  version: 3.4.2
  build: h7f98852_5
  build_number: 5
  subdir: linux-64
  url: https://conda.anaconda.org/conda-forge/linux-64/libffi-3.4.2-h7f98852_5.tar.bz2
  sha256: ab6e9856c21709b7b517e940ae7028ae0737546122f83c2aa5d692860c3b149e
  md5: d645c6d2ac96843a2bfaccd2d62b3ac3
  depends:
  - libgcc-ng >=9.4.0
  license: MIT
  license_family: MIT
  size: 58292
  timestamp: 1636488182923
- kind: conda
  name: libgcc
  version: 14.1.0
  build: h77fa898_1
  build_number: 1
  subdir: linux-64
  url: https://conda.anaconda.org/conda-forge/linux-64/libgcc-14.1.0-h77fa898_1.conda
  sha256: 10fa74b69266a2be7b96db881e18fa62cfa03082b65231e8d652e897c4b335a3
  md5: 002ef4463dd1e2b44a94a4ace468f5d2
  depends:
  - _libgcc_mutex 0.1 conda_forge
  - _openmp_mutex >=4.5
  constrains:
  - libgomp 14.1.0 h77fa898_1
  - libgcc-ng ==14.1.0=*_1
  license: GPL-3.0-only WITH GCC-exception-3.1
  license_family: GPL
  size: 846380
  timestamp: 1724801836552
- kind: conda
  name: libgcc-ng
  version: 14.1.0
  build: h69a702a_1
  build_number: 1
  subdir: linux-64
  url: https://conda.anaconda.org/conda-forge/linux-64/libgcc-ng-14.1.0-h69a702a_1.conda
  sha256: b91f7021e14c3d5c840fbf0dc75370d6e1f7c7ff4482220940eaafb9c64613b7
  md5: 1efc0ad219877a73ef977af7dbb51f17
  depends:
  - libgcc 14.1.0 h77fa898_1
  license: GPL-3.0-only WITH GCC-exception-3.1
  license_family: GPL
  size: 52170
  timestamp: 1724801842101
- kind: conda
  name: libglib
  version: 2.80.2
  build: hf974151_0
  subdir: linux-64
  url: https://conda.anaconda.org/conda-forge/linux-64/libglib-2.80.2-hf974151_0.conda
  sha256: 93e03b6cf4765bc06d64fa3dac65f22c53ae4a30247bb0e2dea0bd9c47a3fb26
  md5: 72724f6a78ecb15559396966226d5838
  depends:
  - libffi >=3.4,<4.0a0
  - libgcc-ng >=12
  - libiconv >=1.17,<2.0a0
  - libzlib >=1.2.13,<2.0.0a0
  - pcre2 >=10.43,<10.44.0a0
  constrains:
  - glib 2.80.2 *_0
  license: LGPL-2.1-or-later
  size: 3912673
  timestamp: 1715252654366
- kind: conda
  name: libgomp
  version: 14.1.0
  build: h77fa898_1
  build_number: 1
  subdir: linux-64
  url: https://conda.anaconda.org/conda-forge/linux-64/libgomp-14.1.0-h77fa898_1.conda
  sha256: c96724c8ae4ee61af7674c5d9e5a3fbcf6cd887a40ad5a52c99aa36f1d4f9680
  md5: 23c255b008c4f2ae008f81edcabaca89
  depends:
  - _libgcc_mutex 0.1 conda_forge
  license: GPL-3.0-only WITH GCC-exception-3.1
  license_family: GPL
  size: 460218
  timestamp: 1724801743478
- kind: conda
  name: libiconv
  version: '1.17'
  build: hd590300_2
  build_number: 2
  subdir: linux-64
  url: https://conda.anaconda.org/conda-forge/linux-64/libiconv-1.17-hd590300_2.conda
  sha256: 8ac2f6a9f186e76539439e50505d98581472fedb347a20e7d1f36429849f05c9
  md5: d66573916ffcf376178462f1b61c941e
  depends:
  - libgcc-ng >=12
  license: LGPL-2.1-only
  size: 705775
  timestamp: 1702682170569
- kind: conda
  name: libnghttp2
  version: 1.58.0
  build: h47da74e_1
  build_number: 1
  subdir: linux-64
  url: https://conda.anaconda.org/conda-forge/linux-64/libnghttp2-1.58.0-h47da74e_1.conda
  sha256: 1910c5306c6aa5bcbd623c3c930c440e9c77a5a019008e1487810e3c1d3716cb
  md5: 700ac6ea6d53d5510591c4344d5c989a
  depends:
  - c-ares >=1.23.0,<2.0a0
  - libev >=4.33,<4.34.0a0
  - libev >=4.33,<5.0a0
  - libgcc-ng >=12
  - libstdcxx-ng >=12
  - libzlib >=1.2.13,<2.0.0a0
  - openssl >=3.2.0,<4.0a0
  license: MIT
  license_family: MIT
  size: 631936
  timestamp: 1702130036271
- kind: conda
  name: libpng
  version: 1.6.43
  build: h2797004_0
  subdir: linux-64
  url: https://conda.anaconda.org/conda-forge/linux-64/libpng-1.6.43-h2797004_0.conda
  sha256: 502f6ff148ac2777cc55ae4ade01a8fc3543b4ffab25c4e0eaa15f94e90dd997
  md5: 009981dd9cfcaa4dbfa25ffaed86bcae
  depends:
  - libgcc-ng >=12
  - libzlib >=1.2.13,<2.0.0a0
  license: zlib-acknowledgement
  size: 288221
  timestamp: 1708780443939
- kind: conda
  name: libssh2
  version: 1.11.0
  build: h0841786_0
  subdir: linux-64
  url: https://conda.anaconda.org/conda-forge/linux-64/libssh2-1.11.0-h0841786_0.conda
  sha256: 50e47fd9c4f7bf841a11647ae7486f65220cfc988ec422a4475fe8d5a823824d
  md5: 1f5a58e686b13bcfde88b93f547d23fe
  depends:
  - libgcc-ng >=12
  - libzlib >=1.2.13,<2.0.0a0
  - openssl >=3.1.1,<4.0a0
  license: BSD-3-Clause
  license_family: BSD
  size: 271133
  timestamp: 1685837707056
- kind: conda
  name: libstdcxx
  version: 14.1.0
  build: hc0a3c3a_1
  build_number: 1
  subdir: linux-64
  url: https://conda.anaconda.org/conda-forge/linux-64/libstdcxx-14.1.0-hc0a3c3a_1.conda
  sha256: 44decb3d23abacf1c6dd59f3c152a7101b7ca565b4ef8872804ceaedcc53a9cd
  md5: 9dbb9699ea467983ba8a4ba89b08b066
  depends:
  - libgcc 14.1.0 h77fa898_1
  license: GPL-3.0-only WITH GCC-exception-3.1
  license_family: GPL
  size: 3892781
  timestamp: 1724801863728
- kind: conda
  name: libstdcxx-ng
  version: 14.1.0
  build: h4852527_1
  build_number: 1
  subdir: linux-64
  url: https://conda.anaconda.org/conda-forge/linux-64/libstdcxx-ng-14.1.0-h4852527_1.conda
  sha256: a2dc44f97290740cc187bfe94ce543e6eb3c2ea8964d99f189a1d8c97b419b8c
  md5: bd2598399a70bb86d8218e95548d735e
  depends:
  - libstdcxx 14.1.0 hc0a3c3a_1
  license: GPL-3.0-only WITH GCC-exception-3.1
  license_family: GPL
  size: 52219
  timestamp: 1724801897766
- kind: conda
  name: libtiff
  version: 4.2.0
  build: hf544144_3
  build_number: 3
  subdir: linux-64
  url: https://conda.anaconda.org/conda-forge/linux-64/libtiff-4.2.0-hf544144_3.tar.bz2
  sha256: 9cd90c25aed1059eb6cc3682b5d0484b15fba724e26161d1d26f6769a3ad0bf7
  md5: 53798351da909e181243e17dccee41ad
  depends:
  - jpeg >=9d,<10a
  - libgcc-ng >=9.3.0
  - libstdcxx-ng >=9.3.0
  - libwebp-base
  - xz >=5.2.5,<6.0.0a0
  - zlib >=1.2.11,<1.3.0a0
  - zstd >=1.5.0,<1.6.0a0
  license: HPND
  size: 604589
  timestamp: 1621285655694
- kind: conda
  name: libuuid
  version: 2.38.1
  build: h0b41bf4_0
  subdir: linux-64
  url: https://conda.anaconda.org/conda-forge/linux-64/libuuid-2.38.1-h0b41bf4_0.conda
  sha256: 787eb542f055a2b3de553614b25f09eefb0a0931b0c87dbcce6efdfd92f04f18
  md5: 40b61aab5c7ba9ff276c41cfffe6b80b
  depends:
  - libgcc-ng >=12
  license: BSD-3-Clause
  license_family: BSD
  size: 33601
  timestamp: 1680112270483
- kind: conda
  name: libwebp-base
  version: 1.4.0
  build: hd590300_0
  subdir: linux-64
  url: https://conda.anaconda.org/conda-forge/linux-64/libwebp-base-1.4.0-hd590300_0.conda
  sha256: 49bc5f6b1e11cb2babf2a2a731d1a680a5e08a858280876a779dbda06c78c35f
  md5: b26e8aa824079e1be0294e7152ca4559
  depends:
  - libgcc-ng >=12
  constrains:
  - libwebp 1.4.0
  license: BSD-3-Clause
  license_family: BSD
  size: 438953
  timestamp: 1713199854503
- kind: conda
  name: libxcb
  version: '1.13'
  build: h7f98852_1004
  build_number: 1004
  subdir: linux-64
  url: https://conda.anaconda.org/conda-forge/linux-64/libxcb-1.13-h7f98852_1004.tar.bz2
  sha256: 8d5d24cbeda9282dd707edd3156e5fde2e3f3fe86c802fa7ce08c8f1e803bfd9
  md5: b3653fdc58d03face9724f602218a904
  depends:
  - libgcc-ng >=9.4.0
  - pthread-stubs
  - xorg-libxau
  - xorg-libxdmcp
  license: MIT
  license_family: MIT
  size: 399895
  timestamp: 1636658924671
- kind: conda
  name: libxcrypt
  version: 4.4.36
  build: hd590300_1
  build_number: 1
  subdir: linux-64
  url: https://conda.anaconda.org/conda-forge/linux-64/libxcrypt-4.4.36-hd590300_1.conda
  sha256: 6ae68e0b86423ef188196fff6207ed0c8195dd84273cb5623b85aa08033a410c
  md5: 5aa797f8787fe7a17d1b0821485b5adc
  depends:
  - libgcc-ng >=12
  license: LGPL-2.1-or-later
  size: 100393
  timestamp: 1702724383534
- kind: conda
  name: libzlib
  version: 1.2.13
  build: h4ab18f5_6
  build_number: 6
  subdir: linux-64
  url: https://conda.anaconda.org/conda-forge/linux-64/libzlib-1.2.13-h4ab18f5_6.conda
  sha256: 8ced4afed6322172182af503f21725d072a589a6eb918f8a58135c1e00d35980
  md5: 27329162c0dc732bcf67a4e0cd488125
  depends:
  - libgcc-ng >=12
  constrains:
  - zlib 1.2.13 *_6
  license: Zlib
  license_family: Other
  size: 61571
  timestamp: 1716874066944
- kind: conda
  name: ncurses
  version: '6.1'
  build: hf484d3e_1002
  build_number: 1002
  subdir: linux-64
  url: https://conda.anaconda.org/conda-forge/linux-64/ncurses-6.1-hf484d3e_1002.tar.bz2
  sha256: 844f0a69c256a44a2e8af3c9eb984feb0a79803eb9ea4698736c79a3e9e9ce8d
  md5: 17f2190cdcbc753893307b4c81aff478
  depends:
  - libgcc-ng >=7.3.0
  - libstdcxx-ng >=7.3.0
  license: Free software (MIT-like)
  size: 1376193
  timestamp: 1544539507171
- kind: conda
  name: openjdk
  version: 17.0.3
  build: hea3dc9f_3
  build_number: 3
  subdir: linux-64
  url: https://conda.anaconda.org/conda-forge/linux-64/openjdk-17.0.3-hea3dc9f_3.tar.bz2
  sha256: ce074666e5353dd2deb53dcd06d0fd73071b850b82de9f3b72850993fb01c657
  md5: 79748dfa6cb9f48421ca9eb5fc593199
  depends:
  - alsa-lib >=1.2.7.2,<1.2.8.0a0
  - fontconfig >=2.14.1,<3.0a0
  - fonts-conda-ecosystem
  - freetype >=2.12.1,<3.0a0
  - giflib >=5.2.1,<5.3.0a0
  - harfbuzz >=5.3.0,<6.0a0
  - jpeg >=9e,<10a
  - lcms2 >=2.12,<3.0a0
  - libcups >=2.3.3,<2.4.0a0
  - libgcc-ng >=12
  - libpng >=1.6.38,<1.7.0a0
  - libstdcxx-ng >=12
  - libzlib >=1.2.13,<2.0.0a0
  - xorg-libx11
  - xorg-libxext
  - xorg-libxi
  - xorg-libxrender
  - xorg-libxtst
  license: GPL-2.0-or-later WITH Classpath-exception-2.0
  license_family: GPL
  size: 180831112
  timestamp: 1666964665457
- kind: conda
  name: openssl
  version: 3.3.1
  build: hb9d3cd8_3
  build_number: 3
  subdir: linux-64
  url: https://conda.anaconda.org/conda-forge/linux-64/openssl-3.3.1-hb9d3cd8_3.conda
  sha256: 9e27441b273a7cf9071f6e88ba9ad565d926d8083b154c64a74b99fba167b137
  md5: 6c566a46baae794daf34775d41eb180a
  depends:
  - __glibc >=2.17,<3.0.a0
  - ca-certificates
  - libgcc-ng >=13
  license: Apache-2.0
  license_family: Apache
  size: 2892042
  timestamp: 1724402701933
- kind: conda
  name: pcre2
  version: '10.43'
  build: hcad00b1_0
  subdir: linux-64
  url: https://conda.anaconda.org/conda-forge/linux-64/pcre2-10.43-hcad00b1_0.conda
  sha256: 766dd986a7ed6197676c14699000bba2625fd26c8a890fcb7a810e5cf56155bc
  md5: 8292dea9e022d9610a11fce5e0896ed8
  depends:
  - bzip2 >=1.0.8,<2.0a0
  - libgcc-ng >=12
  - libzlib >=1.2.13,<2.0.0a0
  license: BSD-3-Clause
  license_family: BSD
  size: 950847
  timestamp: 1708118050286
- kind: conda
  name: perl
  version: 5.32.1
  build: 7_hd590300_perl5
  build_number: 7
  subdir: linux-64
  url: https://conda.anaconda.org/conda-forge/linux-64/perl-5.32.1-7_hd590300_perl5.conda
  sha256: 9ec32b6936b0e37bcb0ed34f22ec3116e75b3c0964f9f50ecea5f58734ed6ce9
  md5: f2cfec9406850991f4e3d960cc9e3321
  depends:
  - libgcc-ng >=12
  - libxcrypt >=4.4.36
  license: GPL-1.0-or-later OR Artistic-1.0-Perl
  size: 13344463
  timestamp: 1703310653947
- kind: conda
  name: pixman
  version: 0.43.2
  build: h59595ed_0
  subdir: linux-64
  url: https://conda.anaconda.org/conda-forge/linux-64/pixman-0.43.2-h59595ed_0.conda
  sha256: 366d28e2a0a191d6c535e234741e0cd1d94d713f76073d8af4a5ccb2a266121e
  md5: 71004cbf7924e19c02746ccde9fd7123
  depends:
  - libgcc-ng >=12
  - libstdcxx-ng >=12
  license: MIT
  license_family: MIT
  size: 386826
  timestamp: 1706549500138
- kind: conda
  name: pthread-stubs
  version: '0.4'
  build: h36c2ea0_1001
  build_number: 1001
  subdir: linux-64
  url: https://conda.anaconda.org/conda-forge/linux-64/pthread-stubs-0.4-h36c2ea0_1001.tar.bz2
  sha256: 67c84822f87b641d89df09758da498b2d4558d47b920fd1d3fe6d3a871e000ff
  md5: 22dad4df6e8630e8dff2428f6f6a7036
  depends:
  - libgcc-ng >=7.5.0
  license: MIT
  license_family: MIT
  size: 5625
  timestamp: 1606147468727
- kind: conda
  name: samtools
  version: '1.9'
  build: h10a08f8_12
  build_number: 12
  subdir: linux-64
  url: https://conda.anaconda.org/bioconda/linux-64/samtools-1.9-h10a08f8_12.tar.bz2
  sha256: 06441e2e0208bf8cc2506c47152a0fbfd5487970e5cfceb9c2fee3bda535a8bc
  md5: a30f9567459497443fb98c5d46384769
  depends:
  - htslib >=1.9,<1.10.0a0
  - libgcc-ng >=7.3.0
  - ncurses >=6.1,<6.2.0a0
  - zlib >=1.2.11,<1.3.0a0
  license: MIT
  size: 306353
  timestamp: 1567712105248
- kind: conda
  name: star
  version: 2.7.10b
  build: h9ee0642_0
  subdir: linux-64
  url: https://conda.anaconda.org/bioconda/linux-64/star-2.7.10b-h9ee0642_0.tar.bz2
  sha256: 7c5f7eb8158bef496b3122c3f831a69dc1ba128e90b313d8094b67fa91ce3025
  md5: 360798cb23aa563a6628af0c1690a771
  license: GPLv3
  size: 5175155
  timestamp: 1667315982854
- kind: conda
  name: xorg-fixesproto
  version: '5.0'
  build: h7f98852_1002
  build_number: 1002
  subdir: linux-64
  url: https://conda.anaconda.org/conda-forge/linux-64/xorg-fixesproto-5.0-h7f98852_1002.tar.bz2
  sha256: 5d2af1b40f82128221bace9466565eca87c97726bb80bbfcd03871813f3e1876
  md5: 65ad6e1eb4aed2b0611855aff05e04f6
  depends:
  - libgcc-ng >=9.3.0
  - xorg-xextproto
  license: MIT
  license_family: MIT
  size: 9122
  timestamp: 1617479697350
- kind: conda
  name: xorg-inputproto
  version: 2.3.2
  build: h7f98852_1002
  build_number: 1002
  subdir: linux-64
  url: https://conda.anaconda.org/conda-forge/linux-64/xorg-inputproto-2.3.2-h7f98852_1002.tar.bz2
  sha256: 6c8c2803de0f643f8bad16ece3f9a7259e4a49247543239c182d66d5e3a129a7
  md5: bcd1b3396ec6960cbc1d2855a9e60b2b
  depends:
  - libgcc-ng >=9.3.0
  license: MIT
  license_family: MIT
  size: 19602
  timestamp: 1610027678228
- kind: conda
  name: xorg-kbproto
  version: 1.0.7
  build: h7f98852_1002
  build_number: 1002
  subdir: linux-64
  url: https://conda.anaconda.org/conda-forge/linux-64/xorg-kbproto-1.0.7-h7f98852_1002.tar.bz2
  sha256: e90b0a6a5d41776f11add74aa030f789faf4efd3875c31964d6f9cfa63a10dd1
  md5: 4b230e8381279d76131116660f5a241a
  depends:
  - libgcc-ng >=9.3.0
  license: MIT
  license_family: MIT
  size: 27338
  timestamp: 1610027759842
- kind: conda
  name: xorg-libice
  version: 1.1.1
  build: hd590300_0
  subdir: linux-64
  url: https://conda.anaconda.org/conda-forge/linux-64/xorg-libice-1.1.1-hd590300_0.conda
  sha256: 5aa9b3682285bb2bf1a8adc064cb63aff76ef9178769740d855abb42b0d24236
  md5: b462a33c0be1421532f28bfe8f4a7514
  depends:
  - libgcc-ng >=12
  license: MIT
  license_family: MIT
  size: 58469
  timestamp: 1685307573114
- kind: conda
  name: xorg-libsm
  version: 1.2.4
  build: h7391055_0
  subdir: linux-64
  url: https://conda.anaconda.org/conda-forge/linux-64/xorg-libsm-1.2.4-h7391055_0.conda
  sha256: 089ad5f0453c604e18985480218a84b27009e9e6de9a0fa5f4a20b8778ede1f1
  md5: 93ee23f12bc2e684548181256edd2cf6
  depends:
  - libgcc-ng >=12
  - libuuid >=2.38.1,<3.0a0
  - xorg-libice >=1.1.1,<2.0a0
  license: MIT
  license_family: MIT
  size: 27433
  timestamp: 1685453649160
- kind: conda
  name: xorg-libx11
  version: 1.8.4
  build: h0b41bf4_0
  subdir: linux-64
  url: https://conda.anaconda.org/conda-forge/linux-64/xorg-libx11-1.8.4-h0b41bf4_0.conda
  sha256: 3c6862a01a39cdea3870b132706ad7256824299947a3a94ae361d863d402d704
  md5: ea8fbfeb976ac49cbeb594e985393514
  depends:
  - libgcc-ng >=12
  - libxcb 1.*
  - libxcb >=1.13,<1.14.0a0
  - xorg-kbproto
  - xorg-xextproto >=7.3.0,<8.0a0
  - xorg-xproto
  license: MIT
  license_family: MIT
  size: 829872
  timestamp: 1677611125385
- kind: conda
  name: xorg-libxau
  version: 1.0.11
  build: hd590300_0
  subdir: linux-64
  url: https://conda.anaconda.org/conda-forge/linux-64/xorg-libxau-1.0.11-hd590300_0.conda
  sha256: 309751371d525ce50af7c87811b435c176915239fc9e132b99a25d5e1703f2d4
  md5: 2c80dc38fface310c9bd81b17037fee5
  depends:
  - libgcc-ng >=12
  license: MIT
  license_family: MIT
  size: 14468
  timestamp: 1684637984591
- kind: conda
  name: xorg-libxdmcp
  version: 1.1.3
  build: h7f98852_0
  subdir: linux-64
  url: https://conda.anaconda.org/conda-forge/linux-64/xorg-libxdmcp-1.1.3-h7f98852_0.tar.bz2
  sha256: 4df7c5ee11b8686d3453e7f3f4aa20ceef441262b49860733066c52cfd0e4a77
  md5: be93aabceefa2fac576e971aef407908
  depends:
  - libgcc-ng >=9.3.0
  license: MIT
  license_family: MIT
  size: 19126
  timestamp: 1610071769228
- kind: conda
  name: xorg-libxext
  version: 1.3.4
  build: h0b41bf4_2
  build_number: 2
  subdir: linux-64
  url: https://conda.anaconda.org/conda-forge/linux-64/xorg-libxext-1.3.4-h0b41bf4_2.conda
  sha256: 73e5cfbdff41ef8a844441f884412aa5a585a0f0632ec901da035a03e1fe1249
  md5: 82b6df12252e6f32402b96dacc656fec
  depends:
  - libgcc-ng >=12
  - xorg-libx11 >=1.7.2,<2.0a0
  - xorg-xextproto
  license: MIT
  license_family: MIT
  size: 50143
  timestamp: 1677036907815
- kind: conda
  name: xorg-libxfixes
  version: 5.0.3
  build: h7f98852_1004
  build_number: 1004
  subdir: linux-64
  url: https://conda.anaconda.org/conda-forge/linux-64/xorg-libxfixes-5.0.3-h7f98852_1004.tar.bz2
  sha256: 1e426a1abb774ef1dcf741945ed5c42ad12ea2dc7aeed7682d293879c3e1e4c3
  md5: e9a21aa4d5e3e5f1aed71e8cefd46b6a
  depends:
  - libgcc-ng >=9.3.0
  - xorg-fixesproto
  - xorg-libx11 >=1.7.0,<2.0a0
  license: MIT
  license_family: MIT
  size: 18145
  timestamp: 1617717802636
- kind: conda
  name: xorg-libxi
  version: 1.7.10
  build: h7f98852_0
  subdir: linux-64
  url: https://conda.anaconda.org/conda-forge/linux-64/xorg-libxi-1.7.10-h7f98852_0.tar.bz2
  sha256: 745c1284a96b4282fe6fe122b2643e1e8c26a7ff40b733a8f4b61357238c4e68
  md5: e77615e5141cad5a2acaa043d1cf0ca5
  depends:
  - libgcc-ng >=9.3.0
  - xorg-inputproto
  - xorg-libx11 >=1.7.0,<2.0a0
  - xorg-libxext 1.3.*
  - xorg-libxfixes 5.0.*
  license: MIT
  license_family: MIT
  size: 47287
  timestamp: 1620070911951
- kind: conda
  name: xorg-libxrender
  version: 0.9.10
  build: h7f98852_1003
  build_number: 1003
  subdir: linux-64
  url: https://conda.anaconda.org/conda-forge/linux-64/xorg-libxrender-0.9.10-h7f98852_1003.tar.bz2
  sha256: 7d907ed9e2ec5af5d7498fb3ab744accc298914ae31497ab6dcc6ef8bd134d00
  md5: f59c1242cc1dd93e72c2ee2b360979eb
  depends:
  - libgcc-ng >=9.3.0
  - xorg-libx11 >=1.7.0,<2.0a0
  - xorg-renderproto
  license: MIT
  license_family: MIT
  size: 32906
  timestamp: 1614866792944
- kind: conda
  name: xorg-libxtst
  version: 1.2.3
  build: h7f98852_1002
  build_number: 1002
  subdir: linux-64
  url: https://conda.anaconda.org/conda-forge/linux-64/xorg-libxtst-1.2.3-h7f98852_1002.tar.bz2
  sha256: 9a51ae2869b9a47735539dada9d85534418a765d1461c9f91fe7564f3ee75e87
  md5: a220b1a513e19d5cb56c1311d44f12e6
  depends:
  - libgcc-ng >=9.3.0
  - xorg-inputproto
  - xorg-libx11 >=1.7.1,<2.0a0
  - xorg-libxext 1.3.*
  - xorg-libxi 1.7.*
  - xorg-recordproto
  license: MIT
  license_family: MIT
  size: 32110
  timestamp: 1621515716498
- kind: conda
  name: xorg-recordproto
  version: 1.14.2
  build: h7f98852_1002
  build_number: 1002
  subdir: linux-64
  url: https://conda.anaconda.org/conda-forge/linux-64/xorg-recordproto-1.14.2-h7f98852_1002.tar.bz2
  sha256: 4b91d48fed368c83eafd03891ebfd5bae0a03adc087ebea8a680ae22da99a85f
  md5: 2f835e6c386e73c6faaddfe9eda67e98
  depends:
  - libgcc-ng >=9.3.0
  license: MIT
  license_family: MIT
  size: 8014
  timestamp: 1621340029114
- kind: conda
  name: xorg-renderproto
  version: 0.11.1
  build: h7f98852_1002
  build_number: 1002
  subdir: linux-64
  url: https://conda.anaconda.org/conda-forge/linux-64/xorg-renderproto-0.11.1-h7f98852_1002.tar.bz2
  sha256: 38942930f233d1898594dd9edf4b0c0786f3dbc12065a0c308634c37fd936034
  md5: 06feff3d2634e3097ce2fe681474b534
  depends:
  - libgcc-ng >=9.3.0
  license: MIT
  license_family: MIT
  size: 9621
  timestamp: 1614866326326
- kind: conda
  name: xorg-xextproto
  version: 7.3.0
  build: h0b41bf4_1003
  build_number: 1003
  subdir: linux-64
  url: https://conda.anaconda.org/conda-forge/linux-64/xorg-xextproto-7.3.0-h0b41bf4_1003.conda
  sha256: b8dda3b560e8a7830fe23be1c58cc41f407b2e20ae2f3b6901eb5842ba62b743
  md5: bce9f945da8ad2ae9b1d7165a64d0f87
  depends:
  - libgcc-ng >=12
  license: MIT
  license_family: MIT
  size: 30270
  timestamp: 1677036833037
- kind: conda
  name: xorg-xproto
  version: 7.0.31
  build: h7f98852_1007
  build_number: 1007
  subdir: linux-64
  url: https://conda.anaconda.org/conda-forge/linux-64/xorg-xproto-7.0.31-h7f98852_1007.tar.bz2
  sha256: f197bb742a17c78234c24605ad1fe2d88b1d25f332b75d73e5ba8cf8fbc2a10d
  md5: b4a4381d54784606820704f7b5f05a15
  depends:
  - libgcc-ng >=9.3.0
  license: MIT
  license_family: MIT
  size: 74922
  timestamp: 1607291557628
- kind: conda
  name: xz
  version: 5.2.6
  build: h166bdaf_0
  subdir: linux-64
  url: https://conda.anaconda.org/conda-forge/linux-64/xz-5.2.6-h166bdaf_0.tar.bz2
  sha256: 03a6d28ded42af8a347345f82f3eebdd6807a08526d47899a42d62d319609162
  md5: 2161070d867d1b1204ea749c8eec4ef0
  depends:
  - libgcc-ng >=12
  license: LGPL-2.1 and GPL-2.0
  size: 418368
  timestamp: 1660346797927
- kind: conda
  name: zlib
  version: 1.2.13
  build: h4ab18f5_6
  build_number: 6
  subdir: linux-64
  url: https://conda.anaconda.org/conda-forge/linux-64/zlib-1.2.13-h4ab18f5_6.conda
  sha256: 534824ea44939f3e59ca8ebb95e3ece6f50f9d2a0e69999fbc692311252ed6ac
  md5: 559d338a4234c2ad6e676f460a093e67
  depends:
  - libgcc-ng >=12
  - libzlib 1.2.13 h4ab18f5_6
  license: Zlib
  license_family: Other
  size: 92883
  timestamp: 1716874088980
- kind: conda
  name: zstd
  version: 1.5.6
  build: ha6fb4c9_0
  subdir: linux-64
  url: https://conda.anaconda.org/conda-forge/linux-64/zstd-1.5.6-ha6fb4c9_0.conda
  sha256: c558b9cc01d9c1444031bd1ce4b9cff86f9085765f17627a6cd85fc623c8a02b
  md5: 4d056880988120e29d75bfff282e0f45
  depends:
  - libgcc-ng >=12
  - libstdcxx-ng >=12
  - libzlib >=1.2.13,<2.0.0a0
  license: BSD-3-Clause
  license_family: BSD
  size: 554846
  timestamp: 1714722996770
